
Microsoft Visual Studio Solution File, Format Version 12.00
Project("{FAE04EC0-301F-11D3-BF4B-00C04F79EFBC}") = "UltralightSharp", "UltralightSharp\UltralightSharp.csproj", "{96233509-536D-46D0-A206-B8E06F81132D}"
EndProject
Project("{FAE04EC0-301F-11D3-BF4B-00C04F79EFBC}") = "UltralightSharp.Demo", "UltralightSharp.Demo\UltralightSharp.Demo.csproj", "{B02BAE78-39EE-457A-92EC-10AF4220154C}"
EndProject
Project("{FAE04EC0-301F-11D3-BF4B-00C04F79EFBC}") = "UltralightSharp.SafeDemo", "UltralightSharp.SafeDemo\UltralightSharp.SafeDemo.csproj", "{34340938-DCF4-4F86-90B1-39BD877F7ED7}"
EndProject
Project("{2150E333-8FDC-42A3-9474-1A3956D46DE8}") = "Common", "Common", "{B71A2B2C-ED1C-4DC8-8ECC-408B15FF6661}"
ProjectSection(SolutionItems) = preProject
	Directory.Build.props = Directory.Build.props
EndProjectSection
EndProject
Project("{FAE04EC0-301F-11D3-BF4B-00C04F79EFBC}") = "SilkNetSandbox", "SilkNetSandbox\SilkNetSandbox.csproj", "{F93DEF58-2AAD-451E-A82F-E6D1AD6790B2}"
EndProject
Global
	GlobalSection(SolutionConfigurationPlatforms) = preSolution
		Debug|Any CPU = Debug|Any CPU
		Release|Any CPU = Release|Any CPU
	EndGlobalSection
	GlobalSection(ProjectConfigurationPlatforms) = postSolution
		{96233509-536D-46D0-A206-B8E06F81132D}.Debug|Any CPU.ActiveCfg = Debug|Any CPU
		{96233509-536D-46D0-A206-B8E06F81132D}.Debug|Any CPU.Build.0 = Debug|Any CPU
		{96233509-536D-46D0-A206-B8E06F81132D}.Release|Any CPU.ActiveCfg = Release|Any CPU
		{96233509-536D-46D0-A206-B8E06F81132D}.Release|Any CPU.Build.0 = Release|Any CPU
		{B02BAE78-39EE-457A-92EC-10AF4220154C}.Debug|Any CPU.ActiveCfg = Debug|Any CPU
		{B02BAE78-39EE-457A-92EC-10AF4220154C}.Debug|Any CPU.Build.0 = Debug|Any CPU
		{B02BAE78-39EE-457A-92EC-10AF4220154C}.Release|Any CPU.ActiveCfg = Release|Any CPU
		{B02BAE78-39EE-457A-92EC-10AF4220154C}.Release|Any CPU.Build.0 = Release|Any CPU
		{34340938-DCF4-4F86-90B1-39BD877F7ED7}.Debug|Any CPU.ActiveCfg = Debug|Any CPU
		{34340938-DCF4-4F86-90B1-39BD877F7ED7}.Debug|Any CPU.Build.0 = Debug|Any CPU
		{34340938-DCF4-4F86-90B1-39BD877F7ED7}.Release|Any CPU.ActiveCfg = Release|Any CPU
		{34340938-DCF4-4F86-90B1-39BD877F7ED7}.Release|Any CPU.Build.0 = Release|Any CPU
		{F93DEF58-2AAD-451E-A82F-E6D1AD6790B2}.Debug|Any CPU.ActiveCfg = Debug|Any CPU
		{F93DEF58-2AAD-451E-A82F-E6D1AD6790B2}.Debug|Any CPU.Build.0 = Debug|Any CPU
		{F93DEF58-2AAD-451E-A82F-E6D1AD6790B2}.Release|Any CPU.ActiveCfg = Release|Any CPU
		{F93DEF58-2AAD-451E-A82F-E6D1AD6790B2}.Release|Any CPU.Build.0 = Release|Any CPU
	EndGlobalSection
EndGlobal
