
Microsoft Visual Studio Solution File, Format Version 12.00
Project("{FAE04EC0-301F-11D3-BF4B-00C04F79EFBC}") = "UltralightSharp", "UltralightSharp\UltralightSharp.csproj", "{96233509-536D-46D0-A206-B8E06F81132D}"
EndProject
Project("{FAE04EC0-301F-11D3-BF4B-00C04F79EFBC}") = "UltralightSharp.Demo", "UltralightSharp.Demo\UltralightSharp.Demo.csproj", "{B02BAE78-39EE-457A-92EC-10AF4220154C}"
EndProject
Project("{FAE04EC0-301F-11D3-BF4B-00C04F79EFBC}") = "UltralightSharp.SafeDemo", "UltralightSharp.SafeDemo\UltralightSharp.SafeDemo.csproj", "{34340938-DCF4-4F86-90B1-39BD877F7ED7}"
EndProject
Project("{2150E333-8FDC-42A3-9474-1A3956D46DE8}") = "Common", "Common", "{B71A2B2C-ED1C-4DC8-8ECC-408B15FF6661}"
ProjectSection(SolutionItems) = preProject
	Directory.Build.props = Directory.Build.props
	nuget.config = nuget.config
EndProjectSection
EndProject
Project("{FAE04EC0-301F-11D3-BF4B-00C04F79EFBC}") = "SilkNetSandbox", "SilkNetSandbox\SilkNetSandbox.csproj", "{F93DEF58-2AAD-451E-A82F-E6D1AD6790B2}"
EndProject
Project("{FAE04EC0-301F-11D3-BF4B-00C04F79EFBC}") = "UltralightSharp.Core", "UltralightSharp.Core\UltralightSharp.Core.csproj", "{895764B2-5423-4523-942A-6833A20D8224}"
EndProject
Project("{FAE04EC0-301F-11D3-BF4B-00C04F79EFBC}") = "UltralightSharp.Core.WinX64", "UltralightSharp.Core.WinX64\UltralightSharp.Core.WinX64.csproj", "{BDB1B501-57F2-411E-94A1-70CD21BACAEC}"
EndProject
Project("{FAE04EC0-301F-11D3-BF4B-00C04F79EFBC}") = "UltralightSharp.Core.OsxX64", "UltralightSharp.Core.OsxX64\UltralightSharp.Core.OsxX64.csproj", "{FA72B73B-908F-414E-AC8D-99B96AD51005}"
EndProject
Project("{FAE04EC0-301F-11D3-BF4B-00C04F79EFBC}") = "UltralightSharp.Core.LinuxX64", "UltralightSharp.Core.LinuxX64\UltralightSharp.Core.LinuxX64.csproj", "{1C062697-D3E5-4B3C-836D-D64FEC442C8D}"
EndProject
Global
	GlobalSection(SolutionConfigurationPlatforms) = preSolution
		Debug|Any CPU = Debug|Any CPU
		Release|Any CPU = Release|Any CPU
	EndGlobalSection
	GlobalSection(ProjectConfigurationPlatforms) = postSolution
		{96233509-536D-46D0-A206-B8E06F81132D}.Debug|Any CPU.ActiveCfg = Debug|Any CPU
		{96233509-536D-46D0-A206-B8E06F81132D}.Debug|Any CPU.Build.0 = Debug|Any CPU
		{96233509-536D-46D0-A206-B8E06F81132D}.Release|Any CPU.ActiveCfg = Release|Any CPU
		{96233509-536D-46D0-A206-B8E06F81132D}.Release|Any CPU.Build.0 = Release|Any CPU
		{B02BAE78-39EE-457A-92EC-10AF4220154C}.Debug|Any CPU.ActiveCfg = Debug|Any CPU
		{B02BAE78-39EE-457A-92EC-10AF4220154C}.Debug|Any CPU.Build.0 = Debug|Any CPU
		{B02BAE78-39EE-457A-92EC-10AF4220154C}.Release|Any CPU.ActiveCfg = Release|Any CPU
		{B02BAE78-39EE-457A-92EC-10AF4220154C}.Release|Any CPU.Build.0 = Release|Any CPU
		{34340938-DCF4-4F86-90B1-39BD877F7ED7}.Debug|Any CPU.ActiveCfg = Debug|Any CPU
		{34340938-DCF4-4F86-90B1-39BD877F7ED7}.Debug|Any CPU.Build.0 = Debug|Any CPU
		{34340938-DCF4-4F86-90B1-39BD877F7ED7}.Release|Any CPU.ActiveCfg = Release|Any CPU
		{34340938-DCF4-4F86-90B1-39BD877F7ED7}.Release|Any CPU.Build.0 = Release|Any CPU
		{F93DEF58-2AAD-451E-A82F-E6D1AD6790B2}.Debug|Any CPU.ActiveCfg = Debug|Any CPU
		{F93DEF58-2AAD-451E-A82F-E6D1AD6790B2}.Debug|Any CPU.Build.0 = Debug|Any CPU
		{F93DEF58-2AAD-451E-A82F-E6D1AD6790B2}.Release|Any CPU.ActiveCfg = Release|Any CPU
		{F93DEF58-2AAD-451E-A82F-E6D1AD6790B2}.Release|Any CPU.Build.0 = Release|Any CPU
		{895764B2-5423-4523-942A-6833A20D8224}.Release|Any CPU.ActiveCfg = Release|Any CPU
		{895764B2-5423-4523-942A-6833A20D8224}.Release|Any CPU.Build.0 = Release|Any CPU
		{895764B2-5423-4523-942A-6833A20D8224}.Debug|Any CPU.ActiveCfg = Release|Any CPU
		{895764B2-5423-4523-942A-6833A20D8224}.Debug|Any CPU.Build.0 = Release|Any CPU
		{BDB1B501-57F2-411E-94A1-70CD21BACAEC}.Release|Any CPU.ActiveCfg = Release|Any CPU
		{BDB1B501-57F2-411E-94A1-70CD21BACAEC}.Release|Any CPU.Build.0 = Release|Any CPU
		{BDB1B501-57F2-411E-94A1-70CD21BACAEC}.Debug|Any CPU.ActiveCfg = Release|Any CPU
		{BDB1B501-57F2-411E-94A1-70CD21BACAEC}.Debug|Any CPU.Build.0 = Release|Any CPU
		{FA72B73B-908F-414E-AC8D-99B96AD51005}.Release|Any CPU.ActiveCfg = Release|Any CPU
		{FA72B73B-908F-414E-AC8D-99B96AD51005}.Release|Any CPU.Build.0 = Release|Any CPU
		{FA72B73B-908F-414E-AC8D-99B96AD51005}.Debug|Any CPU.ActiveCfg = Release|Any CPU
		{FA72B73B-908F-414E-AC8D-99B96AD51005}.Debug|Any CPU.Build.0 = Release|Any CPU
		{1C062697-D3E5-4B3C-836D-D64FEC442C8D}.Release|Any CPU.ActiveCfg = Release|Any CPU
		{1C062697-D3E5-4B3C-836D-D64FEC442C8D}.Release|Any CPU.Build.0 = Release|Any CPU
		{1C062697-D3E5-4B3C-836D-D64FEC442C8D}.Debug|Any CPU.ActiveCfg = Release|Any CPU
		{1C062697-D3E5-4B3C-836D-D64FEC442C8D}.Debug|Any CPU.Build.0 = Release|Any CPU
	EndGlobalSection
EndGlobal
